
Microsoft Visual Studio Solution File, Format Version 12.00
# Visual Studio 14
VisualStudioVersion = 14.0.22609.0
MinimumVisualStudioVersion = 10.0.40219.1
Project("{F2A71F9B-5D33-465A-A702-920D77279786}") = "stidgen", "stidgen\stidgen.fsproj", "{0A78F77F-6316-406D-9A1E-DA3DFE87443B}"
EndProject
Project("{F2A71F9B-5D33-465A-A702-920D77279786}") = "UnitTests", "UnitTests\UnitTests.fsproj", "{92AE98C3-4735-4E39-A0F7-58A8FD7C7D5B}"
EndProject
Project("{2150E333-8FDC-42A3-9474-1A3956D46DE8}") = "Solution Items", "Solution Items", "{8D5C639B-3DFC-4CA4-8C3B-5CC939D3D8E8}"
	ProjectSection(SolutionItems) = preProject
		build.cmd = build.cmd
		build.fsx = build.fsx
		paket.dependencies = paket.dependencies
	EndProjectSection
EndProject
Global
	GlobalSection(SolutionConfigurationPlatforms) = preSolution
		Debug|Any CPU = Debug|Any CPU
		Release|Any CPU = Release|Any CPU
	EndGlobalSection
	GlobalSection(ProjectConfigurationPlatforms) = postSolution
		{0A78F77F-6316-406D-9A1E-DA3DFE87443B}.Debug|Any CPU.ActiveCfg = Debug|Any CPU
		{0A78F77F-6316-406D-9A1E-DA3DFE87443B}.Debug|Any CPU.Build.0 = Debug|Any CPU
		{0A78F77F-6316-406D-9A1E-DA3DFE87443B}.Release|Any CPU.ActiveCfg = Release|Any CPU
		{0A78F77F-6316-406D-9A1E-DA3DFE87443B}.Release|Any CPU.Build.0 = Release|Any CPU
		{92AE98C3-4735-4E39-A0F7-58A8FD7C7D5B}.Debug|Any CPU.ActiveCfg = Debug|Any CPU
		{92AE98C3-4735-4E39-A0F7-58A8FD7C7D5B}.Debug|Any CPU.Build.0 = Debug|Any CPU
		{92AE98C3-4735-4E39-A0F7-58A8FD7C7D5B}.Release|Any CPU.ActiveCfg = Release|Any CPU
		{92AE98C3-4735-4E39-A0F7-58A8FD7C7D5B}.Release|Any CPU.Build.0 = Release|Any CPU
	EndGlobalSection
	GlobalSection(SolutionProperties) = preSolution
		HideSolutionNode = FALSE
	EndGlobalSection
EndGlobal
